// !$*UTF8*$!
{
	archiveVersion = 1;
	classes = {
	};
	objectVersion = 60;
	objects = {

/* Begin PBXBuildFile section */
		CC370F8E2C2FC18B003EE01D /* PanModal in Frameworks */ = {isa = PBXBuildFile; productRef = CC370F8D2C2FC18B003EE01D /* PanModal */; };
		CC370F902C2FC29C003EE01D /* ArticleViewController.swift in Sources */ = {isa = PBXBuildFile; fileRef = CC370F8F2C2FC295003EE01D /* ArticleViewController.swift */; };
		CC8D744D2C2FC3FA00127C83 /* MapViewController.swift in Sources */ = {isa = PBXBuildFile; fileRef = CC8D744C2C2FC3FA00127C83 /* MapViewController.swift */; };
		CC8D744F2C2FE34500127C83 /* ArticleRepository.swift in Sources */ = {isa = PBXBuildFile; fileRef = CC8D744E2C2FE33D00127C83 /* ArticleRepository.swift */; };
		CC370F932C2FD588003EE01D /* ArticleView.swift in Sources */ = {isa = PBXBuildFile; fileRef = CC370F922C2FD584003EE01D /* ArticleView.swift */; };
		CC370F952C2FD863003EE01D /* ArticleWeatherView.swift in Sources */ = {isa = PBXBuildFile; fileRef = CC370F942C2FD85F003EE01D /* ArticleWeatherView.swift */; };
		CC370F992C2FE9DF003EE01D /* Article.swift in Sources */ = {isa = PBXBuildFile; fileRef = CC370F982C2FE9DD003EE01D /* Article.swift */; };
		CC370F9B2C2FED01003EE01D /* ArticleRepository.swift in Sources */ = {isa = PBXBuildFile; fileRef = CC370F9A2C2FECFE003EE01D /* ArticleRepository.swift */; };
		CC370F9D2C2FF28E003EE01D /* Location.swift in Sources */ = {isa = PBXBuildFile; fileRef = CC370F9C2C2FF28C003EE01D /* Location.swift */; };
		CCC2C3A92C2FA90B008443E7 /* AppDelegate.swift in Sources */ = {isa = PBXBuildFile; fileRef = CCC2C3A82C2FA90B008443E7 /* AppDelegate.swift */; };
		CCC2C3AB2C2FA90B008443E7 /* SceneDelegate.swift in Sources */ = {isa = PBXBuildFile; fileRef = CCC2C3AA2C2FA90B008443E7 /* SceneDelegate.swift */; };
		CCC2C3AD2C2FA90B008443E7 /* ViewController.swift in Sources */ = {isa = PBXBuildFile; fileRef = CCC2C3AC2C2FA90B008443E7 /* ViewController.swift */; };
		CCC2C3B22C2FA90D008443E7 /* Assets.xcassets in Resources */ = {isa = PBXBuildFile; fileRef = CCC2C3B12C2FA90D008443E7 /* Assets.xcassets */; };
		CCC2C3B52C2FA90D008443E7 /* Base in Resources */ = {isa = PBXBuildFile; fileRef = CCC2C3B42C2FA90D008443E7 /* Base */; };
		EE04C46E2C2FB90E00C55D78 /* SnapKit in Frameworks */ = {isa = PBXBuildFile; productRef = EE04C46D2C2FB90E00C55D78 /* SnapKit */; };
		EE04C4742C2FCA5D00C55D78 /* WeatherManager.swift in Sources */ = {isa = PBXBuildFile; fileRef = EE04C4732C2FCA5A00C55D78 /* WeatherManager.swift */; };
/* End PBXBuildFile section */

/* Begin PBXFileReference section */
		CC370F8F2C2FC295003EE01D /* ArticleViewController.swift */ = {isa = PBXFileReference; lastKnownFileType = sourcecode.swift; path = ArticleViewController.swift; sourceTree = "<group>"; };
		CC8D744C2C2FC3FA00127C83 /* MapViewController.swift */ = {isa = PBXFileReference; lastKnownFileType = sourcecode.swift; path = MapViewController.swift; sourceTree = "<group>"; };
		CC8D744E2C2FE33D00127C83 /* ArticleRepository.swift */ = {isa = PBXFileReference; lastKnownFileType = sourcecode.swift; path = ArticleRepository.swift; sourceTree = "<group>"; };
		CC370F922C2FD584003EE01D /* ArticleView.swift */ = {isa = PBXFileReference; lastKnownFileType = sourcecode.swift; path = ArticleView.swift; sourceTree = "<group>"; };
		CC370F942C2FD85F003EE01D /* ArticleWeatherView.swift */ = {isa = PBXFileReference; lastKnownFileType = sourcecode.swift; path = ArticleWeatherView.swift; sourceTree = "<group>"; };
		CC370F982C2FE9DD003EE01D /* Article.swift */ = {isa = PBXFileReference; lastKnownFileType = sourcecode.swift; path = Article.swift; sourceTree = "<group>"; };
		CC370F9A2C2FECFE003EE01D /* ArticleRepository.swift */ = {isa = PBXFileReference; lastKnownFileType = sourcecode.swift; path = ArticleRepository.swift; sourceTree = "<group>"; };
		CC370F9C2C2FF28C003EE01D /* Location.swift */ = {isa = PBXFileReference; lastKnownFileType = sourcecode.swift; path = Location.swift; sourceTree = "<group>"; };
		CCC2C3A52C2FA90B008443E7 /* TripLogger.app */ = {isa = PBXFileReference; explicitFileType = wrapper.application; includeInIndex = 0; path = TripLogger.app; sourceTree = BUILT_PRODUCTS_DIR; };
		CCC2C3A82C2FA90B008443E7 /* AppDelegate.swift */ = {isa = PBXFileReference; lastKnownFileType = sourcecode.swift; path = AppDelegate.swift; sourceTree = "<group>"; };
		CCC2C3AA2C2FA90B008443E7 /* SceneDelegate.swift */ = {isa = PBXFileReference; lastKnownFileType = sourcecode.swift; path = SceneDelegate.swift; sourceTree = "<group>"; };
		CCC2C3AC2C2FA90B008443E7 /* ViewController.swift */ = {isa = PBXFileReference; lastKnownFileType = sourcecode.swift; path = ViewController.swift; sourceTree = "<group>"; };
		CCC2C3B12C2FA90D008443E7 /* Assets.xcassets */ = {isa = PBXFileReference; lastKnownFileType = folder.assetcatalog; path = Assets.xcassets; sourceTree = "<group>"; };
		CCC2C3B42C2FA90D008443E7 /* Base */ = {isa = PBXFileReference; lastKnownFileType = file.storyboard; name = Base; path = Base.lproj/LaunchScreen.storyboard; sourceTree = "<group>"; };
		CCC2C3B62C2FA90D008443E7 /* Info.plist */ = {isa = PBXFileReference; lastKnownFileType = text.plist.xml; path = Info.plist; sourceTree = "<group>"; };
		EE04C4712C2FC39900C55D78 /* TripLogger.entitlements */ = {isa = PBXFileReference; lastKnownFileType = text.plist.entitlements; path = TripLogger.entitlements; sourceTree = "<group>"; };
		EE04C4732C2FCA5A00C55D78 /* WeatherManager.swift */ = {isa = PBXFileReference; lastKnownFileType = sourcecode.swift; path = WeatherManager.swift; sourceTree = "<group>"; };
/* End PBXFileReference section */

/* Begin PBXFrameworksBuildPhase section */
		CCC2C3A22C2FA90B008443E7 /* Frameworks */ = {
			isa = PBXFrameworksBuildPhase;
			buildActionMask = 2147483647;
			files = (
				CC370F8E2C2FC18B003EE01D /* PanModal in Frameworks */,
				EE04C46E2C2FB90E00C55D78 /* SnapKit in Frameworks */,
			);
			runOnlyForDeploymentPostprocessing = 0;
		};
/* End PBXFrameworksBuildPhase section */

/* Begin PBXGroup section */
		CC370F912C2FC437003EE01D /* Article */ = {
			isa = PBXGroup;
			children = (
				CC370F9A2C2FECFE003EE01D /* ArticleRepository.swift */,
				CC370F982C2FE9DD003EE01D /* Article.swift */,
				CC370F942C2FD85F003EE01D /* ArticleWeatherView.swift */,
				CC370F922C2FD584003EE01D /* ArticleView.swift */,
				CC370F8F2C2FC295003EE01D /* ArticleViewController.swift */,
			);
			path = Article;
			sourceTree = "<group>";
		};
		CCC2C39C2C2FA90B008443E7 = {
			isa = PBXGroup;
			children = (
				CCC2C3A72C2FA90B008443E7 /* TripLogger */,
				CCC2C3A62C2FA90B008443E7 /* Products */,
			);
			sourceTree = "<group>";
		};
		CCC2C3A62C2FA90B008443E7 /* Products */ = {
			isa = PBXGroup;
			children = (
				CCC2C3A52C2FA90B008443E7 /* TripLogger.app */,
			);
			name = Products;
			sourceTree = "<group>";
		};
		CCC2C3A72C2FA90B008443E7 /* TripLogger */ = {
			isa = PBXGroup;
			children = (
				CC8D744C2C2FC3FA00127C83 /* MapViewController.swift */,
				EE04C4722C2FCA3800C55D78 /* Weather */,
				EE04C4712C2FC39900C55D78 /* TripLogger.entitlements */,
				CC370F9C2C2FF28C003EE01D /* Location.swift */,
				CC370F912C2FC437003EE01D /* Article */,
				CCC2C3A82C2FA90B008443E7 /* AppDelegate.swift */,
				CCC2C3AA2C2FA90B008443E7 /* SceneDelegate.swift */,
				CCC2C3AC2C2FA90B008443E7 /* ViewController.swift */,
				CCC2C3B12C2FA90D008443E7 /* Assets.xcassets */,
				CCC2C3B32C2FA90D008443E7 /* LaunchScreen.storyboard */,
				CCC2C3B62C2FA90D008443E7 /* Info.plist */,
			);
			path = TripLogger;
			sourceTree = "<group>";
		};
		EE04C4722C2FCA3800C55D78 /* Weather */ = {
			isa = PBXGroup;
			children = (
				EE04C4732C2FCA5A00C55D78 /* WeatherManager.swift */,
			);
			path = Weather;
			sourceTree = "<group>";
		};
/* End PBXGroup section */

/* Begin PBXNativeTarget section */
		CCC2C3A42C2FA90B008443E7 /* TripLogger */ = {
			isa = PBXNativeTarget;
			buildConfigurationList = CCC2C3B92C2FA90D008443E7 /* Build configuration list for PBXNativeTarget "TripLogger" */;
			buildPhases = (
				CCC2C3A12C2FA90B008443E7 /* Sources */,
				CCC2C3A22C2FA90B008443E7 /* Frameworks */,
				CCC2C3A32C2FA90B008443E7 /* Resources */,
			);
			buildRules = (
			);
			dependencies = (
			);
			name = TripLogger;
			packageProductDependencies = (
				EE04C46D2C2FB90E00C55D78 /* SnapKit */,
				CC370F8D2C2FC18B003EE01D /* PanModal */,
			);
			productName = TripLogger;
			productReference = CCC2C3A52C2FA90B008443E7 /* TripLogger.app */;
			productType = "com.apple.product-type.application";
		};
/* End PBXNativeTarget section */

/* Begin PBXProject section */
		CCC2C39D2C2FA90B008443E7 /* Project object */ = {
			isa = PBXProject;
			attributes = {
				BuildIndependentTargetsInParallel = 1;
				LastSwiftUpdateCheck = 1600;
				LastUpgradeCheck = 1600;
				TargetAttributes = {
					CCC2C3A42C2FA90B008443E7 = {
						CreatedOnToolsVersion = 16.0;
					};
				};
			};
			buildConfigurationList = CCC2C3A02C2FA90B008443E7 /* Build configuration list for PBXProject "TripLogger" */;
			compatibilityVersion = "Xcode 15.0";
			developmentRegion = en;
			hasScannedForEncodings = 0;
			knownRegions = (
				en,
				Base,
			);
			mainGroup = CCC2C39C2C2FA90B008443E7;
			packageReferences = (
				EE04C46C2C2FB90E00C55D78 /* XCRemoteSwiftPackageReference "SnapKit" */,
				CC370F8C2C2FC18B003EE01D /* XCRemoteSwiftPackageReference "PanModal" */,
			);
			productRefGroup = CCC2C3A62C2FA90B008443E7 /* Products */;
			projectDirPath = "";
			projectRoot = "";
			targets = (
				CCC2C3A42C2FA90B008443E7 /* TripLogger */,
			);
		};
/* End PBXProject section */

/* Begin PBXResourcesBuildPhase section */
		CCC2C3A32C2FA90B008443E7 /* Resources */ = {
			isa = PBXResourcesBuildPhase;
			buildActionMask = 2147483647;
			files = (
				CCC2C3B22C2FA90D008443E7 /* Assets.xcassets in Resources */,
				CCC2C3B52C2FA90D008443E7 /* Base in Resources */,
			);
			runOnlyForDeploymentPostprocessing = 0;
		};
/* End PBXResourcesBuildPhase section */

/* Begin PBXSourcesBuildPhase section */
		CCC2C3A12C2FA90B008443E7 /* Sources */ = {
			isa = PBXSourcesBuildPhase;
			buildActionMask = 2147483647;
			files = (
				CCC2C3AD2C2FA90B008443E7 /* ViewController.swift in Sources */,
				CC8D744D2C2FC3FA00127C83 /* MapViewController.swift in Sources */,
				CC370F992C2FE9DF003EE01D /* Article.swift in Sources */,
				CCC2C3A92C2FA90B008443E7 /* AppDelegate.swift in Sources */,
				CC370F952C2FD863003EE01D /* ArticleWeatherView.swift in Sources */,
				CC370F932C2FD588003EE01D /* ArticleView.swift in Sources */,
				EE04C4742C2FCA5D00C55D78 /* WeatherManager.swift in Sources */,
				CC370F952C2FD863003EE01D /* ArticleWeatherView.swift in Sources */,
				CC370F9D2C2FF28E003EE01D /* Location.swift in Sources */,
				CC370F932C2FD588003EE01D /* ArticleView.swift in Sources */,
				CC370F902C2FC29C003EE01D /* ArticleViewController.swift in Sources */,
				CC370F9B2C2FED01003EE01D /* ArticleRepository.swift in Sources */,
				CCC2C3AB2C2FA90B008443E7 /* SceneDelegate.swift in Sources */,
			);
			runOnlyForDeploymentPostprocessing = 0;
		};
/* End PBXSourcesBuildPhase section */

/* Begin PBXVariantGroup section */
		CCC2C3B32C2FA90D008443E7 /* LaunchScreen.storyboard */ = {
			isa = PBXVariantGroup;
			children = (
				CCC2C3B42C2FA90D008443E7 /* Base */,
			);
			name = LaunchScreen.storyboard;
			sourceTree = "<group>";
		};
/* End PBXVariantGroup section */

/* Begin XCBuildConfiguration section */
		CCC2C3B72C2FA90D008443E7 /* Debug */ = {
			isa = XCBuildConfiguration;
			buildSettings = {
				ALWAYS_SEARCH_USER_PATHS = NO;
				ASSETCATALOG_COMPILER_GENERATE_SWIFT_ASSET_SYMBOL_EXTENSIONS = YES;
				CLANG_ANALYZER_NONNULL = YES;
				CLANG_ANALYZER_NUMBER_OBJECT_CONVERSION = YES_AGGRESSIVE;
				CLANG_CXX_LANGUAGE_STANDARD = "gnu++20";
				CLANG_ENABLE_MODULES = YES;
				CLANG_ENABLE_OBJC_ARC = YES;
				CLANG_ENABLE_OBJC_WEAK = YES;
				CLANG_WARN_BLOCK_CAPTURE_AUTORELEASING = YES;
				CLANG_WARN_BOOL_CONVERSION = YES;
				CLANG_WARN_COMMA = YES;
				CLANG_WARN_CONSTANT_CONVERSION = YES;
				CLANG_WARN_DEPRECATED_OBJC_IMPLEMENTATIONS = YES;
				CLANG_WARN_DIRECT_OBJC_ISA_USAGE = YES_ERROR;
				CLANG_WARN_DOCUMENTATION_COMMENTS = YES;
				CLANG_WARN_EMPTY_BODY = YES;
				CLANG_WARN_ENUM_CONVERSION = YES;
				CLANG_WARN_INFINITE_RECURSION = YES;
				CLANG_WARN_INT_CONVERSION = YES;
				CLANG_WARN_NON_LITERAL_NULL_CONVERSION = YES;
				CLANG_WARN_OBJC_IMPLICIT_RETAIN_SELF = YES;
				CLANG_WARN_OBJC_LITERAL_CONVERSION = YES;
				CLANG_WARN_OBJC_ROOT_CLASS = YES_ERROR;
				CLANG_WARN_QUOTED_INCLUDE_IN_FRAMEWORK_HEADER = YES;
				CLANG_WARN_RANGE_LOOP_ANALYSIS = YES;
				CLANG_WARN_STRICT_PROTOTYPES = YES;
				CLANG_WARN_SUSPICIOUS_MOVE = YES;
				CLANG_WARN_UNGUARDED_AVAILABILITY = YES_AGGRESSIVE;
				CLANG_WARN_UNREACHABLE_CODE = YES;
				CLANG_WARN__DUPLICATE_METHOD_MATCH = YES;
				COPY_PHASE_STRIP = NO;
				DEBUG_INFORMATION_FORMAT = dwarf;
				ENABLE_STRICT_OBJC_MSGSEND = YES;
				ENABLE_TESTABILITY = YES;
				ENABLE_USER_SCRIPT_SANDBOXING = YES;
				GCC_C_LANGUAGE_STANDARD = gnu17;
				GCC_DYNAMIC_NO_PIC = NO;
				GCC_NO_COMMON_BLOCKS = YES;
				GCC_OPTIMIZATION_LEVEL = 0;
				GCC_PREPROCESSOR_DEFINITIONS = (
					"DEBUG=1",
					"$(inherited)",
				);
				GCC_WARN_64_TO_32_BIT_CONVERSION = YES;
				GCC_WARN_ABOUT_RETURN_TYPE = YES_ERROR;
				GCC_WARN_UNDECLARED_SELECTOR = YES;
				GCC_WARN_UNINITIALIZED_AUTOS = YES_AGGRESSIVE;
				GCC_WARN_UNUSED_FUNCTION = YES;
				GCC_WARN_UNUSED_VARIABLE = YES;
				IPHONEOS_DEPLOYMENT_TARGET = 18.0;
				LOCALIZATION_PREFERS_STRING_CATALOGS = YES;
				MTL_ENABLE_DEBUG_INFO = INCLUDE_SOURCE;
				MTL_FAST_MATH = YES;
				ONLY_ACTIVE_ARCH = YES;
				SDKROOT = iphoneos;
				SWIFT_ACTIVE_COMPILATION_CONDITIONS = "DEBUG $(inherited)";
				SWIFT_OPTIMIZATION_LEVEL = "-Onone";
			};
			name = Debug;
		};
		CCC2C3B82C2FA90D008443E7 /* Release */ = {
			isa = XCBuildConfiguration;
			buildSettings = {
				ALWAYS_SEARCH_USER_PATHS = NO;
				ASSETCATALOG_COMPILER_GENERATE_SWIFT_ASSET_SYMBOL_EXTENSIONS = YES;
				CLANG_ANALYZER_NONNULL = YES;
				CLANG_ANALYZER_NUMBER_OBJECT_CONVERSION = YES_AGGRESSIVE;
				CLANG_CXX_LANGUAGE_STANDARD = "gnu++20";
				CLANG_ENABLE_MODULES = YES;
				CLANG_ENABLE_OBJC_ARC = YES;
				CLANG_ENABLE_OBJC_WEAK = YES;
				CLANG_WARN_BLOCK_CAPTURE_AUTORELEASING = YES;
				CLANG_WARN_BOOL_CONVERSION = YES;
				CLANG_WARN_COMMA = YES;
				CLANG_WARN_CONSTANT_CONVERSION = YES;
				CLANG_WARN_DEPRECATED_OBJC_IMPLEMENTATIONS = YES;
				CLANG_WARN_DIRECT_OBJC_ISA_USAGE = YES_ERROR;
				CLANG_WARN_DOCUMENTATION_COMMENTS = YES;
				CLANG_WARN_EMPTY_BODY = YES;
				CLANG_WARN_ENUM_CONVERSION = YES;
				CLANG_WARN_INFINITE_RECURSION = YES;
				CLANG_WARN_INT_CONVERSION = YES;
				CLANG_WARN_NON_LITERAL_NULL_CONVERSION = YES;
				CLANG_WARN_OBJC_IMPLICIT_RETAIN_SELF = YES;
				CLANG_WARN_OBJC_LITERAL_CONVERSION = YES;
				CLANG_WARN_OBJC_ROOT_CLASS = YES_ERROR;
				CLANG_WARN_QUOTED_INCLUDE_IN_FRAMEWORK_HEADER = YES;
				CLANG_WARN_RANGE_LOOP_ANALYSIS = YES;
				CLANG_WARN_STRICT_PROTOTYPES = YES;
				CLANG_WARN_SUSPICIOUS_MOVE = YES;
				CLANG_WARN_UNGUARDED_AVAILABILITY = YES_AGGRESSIVE;
				CLANG_WARN_UNREACHABLE_CODE = YES;
				CLANG_WARN__DUPLICATE_METHOD_MATCH = YES;
				COPY_PHASE_STRIP = NO;
				DEBUG_INFORMATION_FORMAT = "dwarf-with-dsym";
				ENABLE_NS_ASSERTIONS = NO;
				ENABLE_STRICT_OBJC_MSGSEND = YES;
				ENABLE_USER_SCRIPT_SANDBOXING = YES;
				GCC_C_LANGUAGE_STANDARD = gnu17;
				GCC_NO_COMMON_BLOCKS = YES;
				GCC_WARN_64_TO_32_BIT_CONVERSION = YES;
				GCC_WARN_ABOUT_RETURN_TYPE = YES_ERROR;
				GCC_WARN_UNDECLARED_SELECTOR = YES;
				GCC_WARN_UNINITIALIZED_AUTOS = YES_AGGRESSIVE;
				GCC_WARN_UNUSED_FUNCTION = YES;
				GCC_WARN_UNUSED_VARIABLE = YES;
				IPHONEOS_DEPLOYMENT_TARGET = 18.0;
				LOCALIZATION_PREFERS_STRING_CATALOGS = YES;
				MTL_ENABLE_DEBUG_INFO = NO;
				MTL_FAST_MATH = YES;
				SDKROOT = iphoneos;
				SWIFT_COMPILATION_MODE = wholemodule;
				VALIDATE_PRODUCT = YES;
			};
			name = Release;
		};
		CCC2C3BA2C2FA90D008443E7 /* Debug */ = {
			isa = XCBuildConfiguration;
			buildSettings = {
				ASSETCATALOG_COMPILER_APPICON_NAME = AppIcon;
				ASSETCATALOG_COMPILER_GLOBAL_ACCENT_COLOR_NAME = AccentColor;
				CODE_SIGN_IDENTITY = "Apple Development";
				"CODE_SIGN_IDENTITY[sdk=iphoneos*]" = "iPhone Developer";
				CODE_SIGN_STYLE = Manual;
				CURRENT_PROJECT_VERSION = 1;
				DEVELOPMENT_TEAM = "";
				"DEVELOPMENT_TEAM[sdk=iphoneos*]" = H2N9KXXP3M;
				GENERATE_INFOPLIST_FILE = YES;
				INFOPLIST_FILE = TripLogger/Info.plist;
				INFOPLIST_KEY_UIApplicationSupportsIndirectInputEvents = YES;
				INFOPLIST_KEY_UILaunchStoryboardName = LaunchScreen;
				INFOPLIST_KEY_UISupportedInterfaceOrientations_iPad = "UIInterfaceOrientationPortrait UIInterfaceOrientationPortraitUpsideDown UIInterfaceOrientationLandscapeLeft UIInterfaceOrientationLandscapeRight";
				INFOPLIST_KEY_UISupportedInterfaceOrientations_iPhone = "UIInterfaceOrientationPortrait UIInterfaceOrientationLandscapeLeft UIInterfaceOrientationLandscapeRight";
				LD_RUNPATH_SEARCH_PATHS = (
					"$(inherited)",
					"@executable_path/Frameworks",
				);
				MARKETING_VERSION = 1.0;
				PRODUCT_BUNDLE_IDENTIFIER = com.letusGoHackTeam.TripLogger;
				PRODUCT_NAME = "$(TARGET_NAME)";
				PROVISIONING_PROFILE_SPECIFIER = "";
				"PROVISIONING_PROFILE_SPECIFIER[sdk=iphoneos*]" = TripLogger_dev;
				SUPPORTED_PLATFORMS = "iphoneos iphonesimulator";
				SUPPORTS_MACCATALYST = NO;
				SUPPORTS_MAC_DESIGNED_FOR_IPHONE_IPAD = NO;
				SUPPORTS_XR_DESIGNED_FOR_IPHONE_IPAD = NO;
				SWIFT_EMIT_LOC_STRINGS = YES;
				SWIFT_VERSION = 5.0;
				TARGETED_DEVICE_FAMILY = 1;
			};
			name = Debug;
		};
		CCC2C3BB2C2FA90D008443E7 /* Release */ = {
			isa = XCBuildConfiguration;
			buildSettings = {
				ASSETCATALOG_COMPILER_APPICON_NAME = AppIcon;
				ASSETCATALOG_COMPILER_GLOBAL_ACCENT_COLOR_NAME = AccentColor;
				CODE_SIGN_IDENTITY = "Apple Development";
				CODE_SIGN_ENTITLEMENTS = TripLogger/TripLogger.entitlements;
				CODE_SIGN_STYLE = Automatic;
				"CODE_SIGN_IDENTITY[sdk=iphoneos*]" = "iPhone Developer";
				CODE_SIGN_STYLE = Manual;
				CURRENT_PROJECT_VERSION = 1;
				DEVELOPMENT_TEAM = "";
				"DEVELOPMENT_TEAM[sdk=iphoneos*]" = H2N9KXXP3M;
				GENERATE_INFOPLIST_FILE = YES;
				INFOPLIST_FILE = TripLogger/Info.plist;
				INFOPLIST_KEY_UIApplicationSupportsIndirectInputEvents = YES;
				INFOPLIST_KEY_UILaunchStoryboardName = LaunchScreen;
				INFOPLIST_KEY_UISupportedInterfaceOrientations_iPad = "UIInterfaceOrientationPortrait UIInterfaceOrientationPortraitUpsideDown UIInterfaceOrientationLandscapeLeft UIInterfaceOrientationLandscapeRight";
				INFOPLIST_KEY_UISupportedInterfaceOrientations_iPhone = "UIInterfaceOrientationPortrait UIInterfaceOrientationLandscapeLeft UIInterfaceOrientationLandscapeRight";
				LD_RUNPATH_SEARCH_PATHS = (
					"$(inherited)",
					"@executable_path/Frameworks",
				);
				MARKETING_VERSION = 1.0;
				PRODUCT_BUNDLE_IDENTIFIER = com.letusGoHackTeam.TripLogger;
				PRODUCT_NAME = "$(TARGET_NAME)";
				PROVISIONING_PROFILE_SPECIFIER = "";
				"PROVISIONING_PROFILE_SPECIFIER[sdk=iphoneos*]" = TripLogger_dev;
				SUPPORTED_PLATFORMS = "iphoneos iphonesimulator";
				SUPPORTS_MACCATALYST = NO;
				SUPPORTS_MAC_DESIGNED_FOR_IPHONE_IPAD = NO;
				SUPPORTS_XR_DESIGNED_FOR_IPHONE_IPAD = NO;
				SWIFT_EMIT_LOC_STRINGS = YES;
				SWIFT_VERSION = 5.0;
				TARGETED_DEVICE_FAMILY = 1;
			};
			name = Release;
		};
/* End XCBuildConfiguration section */

/* Begin XCConfigurationList section */
		CCC2C3A02C2FA90B008443E7 /* Build configuration list for PBXProject "TripLogger" */ = {
			isa = XCConfigurationList;
			buildConfigurations = (
				CCC2C3B72C2FA90D008443E7 /* Debug */,
				CCC2C3B82C2FA90D008443E7 /* Release */,
			);
			defaultConfigurationIsVisible = 0;
			defaultConfigurationName = Release;
		};
		CCC2C3B92C2FA90D008443E7 /* Build configuration list for PBXNativeTarget "TripLogger" */ = {
			isa = XCConfigurationList;
			buildConfigurations = (
				CCC2C3BA2C2FA90D008443E7 /* Debug */,
				CCC2C3BB2C2FA90D008443E7 /* Release */,
			);
			defaultConfigurationIsVisible = 0;
			defaultConfigurationName = Release;
		};
/* End XCConfigurationList section */

/* Begin XCRemoteSwiftPackageReference section */
		CC370F8C2C2FC18B003EE01D /* XCRemoteSwiftPackageReference "PanModal" */ = {
			isa = XCRemoteSwiftPackageReference;
			repositoryURL = "https://github.com/slackhq/PanModal";
			requirement = {
				kind = upToNextMajorVersion;
				minimumVersion = 1.2.7;
			};
		};
		EE04C46C2C2FB90E00C55D78 /* XCRemoteSwiftPackageReference "SnapKit" */ = {
			isa = XCRemoteSwiftPackageReference;
			repositoryURL = "https://github.com/SnapKit/SnapKit";
			requirement = {
				kind = upToNextMajorVersion;
				minimumVersion = 5.7.1;
			};
		};
/* End XCRemoteSwiftPackageReference section */

/* Begin XCSwiftPackageProductDependency section */
		CC370F8D2C2FC18B003EE01D /* PanModal */ = {
			isa = XCSwiftPackageProductDependency;
			package = CC370F8C2C2FC18B003EE01D /* XCRemoteSwiftPackageReference "PanModal" */;
			productName = PanModal;
		};
		EE04C46D2C2FB90E00C55D78 /* SnapKit */ = {
			isa = XCSwiftPackageProductDependency;
			package = EE04C46C2C2FB90E00C55D78 /* XCRemoteSwiftPackageReference "SnapKit" */;
			productName = SnapKit;
		};
/* End XCSwiftPackageProductDependency section */
	};
	rootObject = CCC2C39D2C2FA90B008443E7 /* Project object */;
}
